
Microsoft Visual Studio Solution File, Format Version 12.00
# Visual Studio Version 17
VisualStudioVersion = 17.7.34202.233
MinimumVisualStudioVersion = 10.0.40219.1
Project("{FAE04EC0-301F-11D3-BF4B-00C04F79EFBC}") = "GMEPElectricalCommands", "GMEPElectricalCommands\GMEPElectricalCommands.csproj", "{653B4006-FB22-4AF4-A754-2446126BAC3E}"
EndProject
Global
	GlobalSection(SolutionConfigurationPlatforms) = preSolution
		Debug|Any CPU = Debug|Any CPU
		Release|Any CPU = Release|Any CPU
	EndGlobalSection
	GlobalSection(ProjectConfigurationPlatforms) = postSolution
		{653B4006-FB22-4AF4-A754-2446126BAC3E}.Debug|Any CPU.ActiveCfg = Debug|Any CPU
		{653B4006-FB22-4AF4-A754-2446126BAC3E}.Debug|Any CPU.Build.0 = Debug|Any CPU
		{653B4006-FB22-4AF4-A754-2446126BAC3E}.Release|Any CPU.ActiveCfg = Release|Any CPU
		{653B4006-FB22-4AF4-A754-2446126BAC3E}.Release|Any CPU.Build.0 = Release|Any CPU
	EndGlobalSection
	GlobalSection(SolutionProperties) = preSolution
		HideSolutionNode = FALSE
	EndGlobalSection
	GlobalSection(ExtensibilityGlobals) = postSolution
		SolutionGuid = {41181BAC-3AD5-4430-8B83-6066F8B816E1}
	EndGlobalSection
EndGlobal
