
Microsoft Visual Studio Solution File, Format Version 12.00
# Visual Studio Version 17
VisualStudioVersion = 17.5.002.0
MinimumVisualStudioVersion = 10.0.40219.1
Project("{9A19103F-16F7-4668-BE54-9A1E7A4F7556}") = "GMEPElectricalCommands", "GMEPElectricalCommands.csproj", "{698A1351-57EF-4A65-A00F-ED192F6A60BE}"
EndProject
Global
	GlobalSection(SolutionConfigurationPlatforms) = preSolution
		Debug|Any CPU = Debug|Any CPU
		Release|Any CPU = Release|Any CPU
	EndGlobalSection
	GlobalSection(ProjectConfigurationPlatforms) = postSolution
		{698A1351-57EF-4A65-A00F-ED192F6A60BE}.Debug|Any CPU.ActiveCfg = Debug|Any CPU
		{698A1351-57EF-4A65-A00F-ED192F6A60BE}.Debug|Any CPU.Build.0 = Debug|Any CPU
		{698A1351-57EF-4A65-A00F-ED192F6A60BE}.Release|Any CPU.ActiveCfg = Release|Any CPU
		{698A1351-57EF-4A65-A00F-ED192F6A60BE}.Release|Any CPU.Build.0 = Release|Any CPU
	EndGlobalSection
	GlobalSection(SolutionProperties) = preSolution
		HideSolutionNode = FALSE
	EndGlobalSection
	GlobalSection(ExtensibilityGlobals) = postSolution
		SolutionGuid = {5363254E-D21C-4A56-9696-A1E7F45859FF}
	EndGlobalSection
EndGlobal
